
Microsoft Visual Studio Solution File, Format Version 12.00
# Visual Studio Version 17
VisualStudioVersion = 17.11.35312.102
MinimumVisualStudioVersion = 10.0.40219.1
Project("{FAE04EC0-301F-11D3-BF4B-00C04F79EFBC}") = "PokeAPI", "PokeAPI\PokeAPI.csproj", "{B4EFE518-9A0B-424D-9D07-0394CB7948EB}"
EndProject
Global
	GlobalSection(SolutionConfigurationPlatforms) = preSolution
		Debug|Any CPU = Debug|Any CPU
		Release|Any CPU = Release|Any CPU
	EndGlobalSection
	GlobalSection(ProjectConfigurationPlatforms) = postSolution
		{B4EFE518-9A0B-424D-9D07-0394CB7948EB}.Debug|Any CPU.ActiveCfg = Debug|Any CPU
		{B4EFE518-9A0B-424D-9D07-0394CB7948EB}.Debug|Any CPU.Build.0 = Debug|Any CPU
		{B4EFE518-9A0B-424D-9D07-0394CB7948EB}.Release|Any CPU.ActiveCfg = Release|Any CPU
		{B4EFE518-9A0B-424D-9D07-0394CB7948EB}.Release|Any CPU.Build.0 = Release|Any CPU
	EndGlobalSection
	GlobalSection(SolutionProperties) = preSolution
		HideSolutionNode = FALSE
	EndGlobalSection
	GlobalSection(ExtensibilityGlobals) = postSolution
		SolutionGuid = {29D91B0D-39FD-4E1F-AB84-D88B73B9FDC7}
	EndGlobalSection
EndGlobal
