
Microsoft Visual Studio Solution File, Format Version 12.00
# Visual Studio Version 17
VisualStudioVersion = 17.11.35312.102
MinimumVisualStudioVersion = 10.0.40219.1
Project("{9A19103F-16F7-4668-BE54-9A1E7A4F7556}") = "PokeAPI", "PokeAPI\PokeAPI.csproj", "{B4EFE518-9A0B-424D-9D07-0394CB7948EB}"
EndProject
Project("{2150E333-8FDC-42A3-9474-1A3956D46DE8}") = "Solution Items", "Solution Items", "{80A3B434-986E-4964-AA2D-05256B01B700}"
	ProjectSection(SolutionItems) = preProject
		PokeAPI\Images\icon.ico = PokeAPI\Images\icon.ico
	EndProjectSection
EndProject
Global
	GlobalSection(SolutionConfigurationPlatforms) = preSolution
		Debug|Any CPU = Debug|Any CPU
		Release|Any CPU = Release|Any CPU
	EndGlobalSection
	GlobalSection(ProjectConfigurationPlatforms) = postSolution
		{B4EFE518-9A0B-424D-9D07-0394CB7948EB}.Debug|Any CPU.ActiveCfg = Debug|Any CPU
		{B4EFE518-9A0B-424D-9D07-0394CB7948EB}.Debug|Any CPU.Build.0 = Debug|Any CPU
		{B4EFE518-9A0B-424D-9D07-0394CB7948EB}.Release|Any CPU.ActiveCfg = Release|Any CPU
		{B4EFE518-9A0B-424D-9D07-0394CB7948EB}.Release|Any CPU.Build.0 = Release|Any CPU
	EndGlobalSection
	GlobalSection(SolutionProperties) = preSolution
		HideSolutionNode = FALSE
	EndGlobalSection
	GlobalSection(ExtensibilityGlobals) = postSolution
		SolutionGuid = {29D91B0D-39FD-4E1F-AB84-D88B73B9FDC7}
	EndGlobalSection
EndGlobal
